
Microsoft Visual Studio Solution File, Format Version 12.00
# Visual Studio Version 17
VisualStudioVersion = 17.10.35013.160
MinimumVisualStudioVersion = 10.0.40219.1
Project("{9A19103F-16F7-4668-BE54-9A1E7A4F7556}") = "BPhO Challenge", "BPhO Challenge\BPhO Challenge.csproj", "{7DE921E3-795E-4D87-8ADD-169F18FA436F}"
EndProject
Project("{9A19103F-16F7-4668-BE54-9A1E7A4F7556}") = "Core", "Core\Core.csproj", "{57409A30-CAED-43E3-82EE-A4F14888A864}"
EndProject
Project("{FAE04EC0-301F-11D3-BF4B-00C04F79EFBC}") = "Test", "Test\Test.csproj", "{424EA19B-625D-46F3-8845-098E0FB39A6C}"
EndProject
Global
	GlobalSection(SolutionConfigurationPlatforms) = preSolution
		Debug|Any CPU = Debug|Any CPU
		Release|Any CPU = Release|Any CPU
	EndGlobalSection
	GlobalSection(ProjectConfigurationPlatforms) = postSolution
		{7DE921E3-795E-4D87-8ADD-169F18FA436F}.Debug|Any CPU.ActiveCfg = Debug|Any CPU
		{7DE921E3-795E-4D87-8ADD-169F18FA436F}.Debug|Any CPU.Build.0 = Debug|Any CPU
		{7DE921E3-795E-4D87-8ADD-169F18FA436F}.Release|Any CPU.ActiveCfg = Release|Any CPU
		{7DE921E3-795E-4D87-8ADD-169F18FA436F}.Release|Any CPU.Build.0 = Release|Any CPU
		{57409A30-CAED-43E3-82EE-A4F14888A864}.Debug|Any CPU.ActiveCfg = Debug|Any CPU
		{57409A30-CAED-43E3-82EE-A4F14888A864}.Debug|Any CPU.Build.0 = Debug|Any CPU
		{57409A30-CAED-43E3-82EE-A4F14888A864}.Release|Any CPU.ActiveCfg = Release|Any CPU
		{57409A30-CAED-43E3-82EE-A4F14888A864}.Release|Any CPU.Build.0 = Release|Any CPU
		{424EA19B-625D-46F3-8845-098E0FB39A6C}.Debug|Any CPU.ActiveCfg = Debug|Any CPU
		{424EA19B-625D-46F3-8845-098E0FB39A6C}.Debug|Any CPU.Build.0 = Debug|Any CPU
		{424EA19B-625D-46F3-8845-098E0FB39A6C}.Release|Any CPU.ActiveCfg = Release|Any CPU
		{424EA19B-625D-46F3-8845-098E0FB39A6C}.Release|Any CPU.Build.0 = Release|Any CPU
	EndGlobalSection
	GlobalSection(SolutionProperties) = preSolution
		HideSolutionNode = FALSE
	EndGlobalSection
	GlobalSection(ExtensibilityGlobals) = postSolution
		SolutionGuid = {8C2CB360-92EC-41EC-8092-022EF8E458B6}
	EndGlobalSection
EndGlobal
